
Microsoft Visual Studio Solution File, Format Version 12.00
# Visual Studio Version 17
VisualStudioVersion = 17.9.34902.85
MinimumVisualStudioVersion = 10.0.40219.1
Project("{9A19103F-16F7-4668-BE54-9A1E7A4F7556}") = "PersistNet", "src\PersistNet\PersistNet.csproj", "{8F6B0D1A-1E3C-4B7D-9C2F-5A8B3E1D4C6F}"
EndProject
Project("{9A19103F-16F7-4668-BE54-9A1E7A4F7556}") = "PersistNet.Tests", "tests\PersistNet.Tests\PersistNet.Tests.csproj", "{7C5A9D2E-3F8B-4A1C-8D6B-2E7F4C9A5B3D}"
EndProject
Project("{2150E333-8FDC-42A3-9474-1A3956D46DE8}") = "perf", "perf", "{5081215B-A8D2-606B-0497-D199D4ED2BF3}"
EndProject
Project("{FAE04EC0-301F-11D3-BF4B-00C04F79EFBC}") = "PersistNet.Perf", "perf\PersistNet.Perf\PersistNet.Perf.csproj", "{B9CB17C3-18CE-48BF-993A-FF0D10976759}"
EndProject
Project("{2150E333-8FDC-42A3-9474-1A3956D46DE8}") = "src", "src", "{827E0CD3-B72D-47B6-A68D-7590B98EB39B}"
EndProject
Global
	GlobalSection(SolutionConfigurationPlatforms) = preSolution
		Debug|Any CPU = Debug|Any CPU
		Debug|x64 = Debug|x64
		Debug|x86 = Debug|x86
		Release|Any CPU = Release|Any CPU
		Release|x64 = Release|x64
		Release|x86 = Release|x86
	EndGlobalSection
	GlobalSection(ProjectConfigurationPlatforms) = postSolution
		{8F6B0D1A-1E3C-4B7D-9C2F-5A8B3E1D4C6F}.Debug|Any CPU.ActiveCfg = Debug|Any CPU
		{8F6B0D1A-1E3C-4B7D-9C2F-5A8B3E1D4C6F}.Debug|Any CPU.Build.0 = Debug|Any CPU
		{8F6B0D1A-1E3C-4B7D-9C2F-5A8B3E1D4C6F}.Debug|x64.ActiveCfg = Debug|Any CPU
		{8F6B0D1A-1E3C-4B7D-9C2F-5A8B3E1D4C6F}.Debug|x64.Build.0 = Debug|Any CPU
		{8F6B0D1A-1E3C-4B7D-9C2F-5A8B3E1D4C6F}.Debug|x86.ActiveCfg = Debug|Any CPU
		{8F6B0D1A-1E3C-4B7D-9C2F-5A8B3E1D4C6F}.Debug|x86.Build.0 = Debug|Any CPU
		{8F6B0D1A-1E3C-4B7D-9C2F-5A8B3E1D4C6F}.Release|Any CPU.ActiveCfg = Release|Any CPU
		{8F6B0D1A-1E3C-4B7D-9C2F-5A8B3E1D4C6F}.Release|Any CPU.Build.0 = Release|Any CPU
		{8F6B0D1A-1E3C-4B7D-9C2F-5A8B3E1D4C6F}.Release|x64.ActiveCfg = Release|Any CPU
		{8F6B0D1A-1E3C-4B7D-9C2F-5A8B3E1D4C6F}.Release|x64.Build.0 = Release|Any CPU
		{8F6B0D1A-1E3C-4B7D-9C2F-5A8B3E1D4C6F}.Release|x86.ActiveCfg = Release|Any CPU
		{8F6B0D1A-1E3C-4B7D-9C2F-5A8B3E1D4C6F}.Release|x86.Build.0 = Release|Any CPU
		{7C5A9D2E-3F8B-4A1C-8D6B-2E7F4C9A5B3D}.Debug|Any CPU.ActiveCfg = Debug|Any CPU
		{7C5A9D2E-3F8B-4A1C-8D6B-2E7F4C9A5B3D}.Debug|Any CPU.Build.0 = Debug|Any CPU
		{7C5A9D2E-3F8B-4A1C-8D6B-2E7F4C9A5B3D}.Debug|x64.ActiveCfg = Debug|Any CPU
		{7C5A9D2E-3F8B-4A1C-8D6B-2E7F4C9A5B3D}.Debug|x64.Build.0 = Debug|Any CPU
		{7C5A9D2E-3F8B-4A1C-8D6B-2E7F4C9A5B3D}.Debug|x86.ActiveCfg = Debug|Any CPU
		{7C5A9D2E-3F8B-4A1C-8D6B-2E7F4C9A5B3D}.Debug|x86.Build.0 = Debug|Any CPU
		{7C5A9D2E-3F8B-4A1C-8D6B-2E7F4C9A5B3D}.Release|Any CPU.ActiveCfg = Release|Any CPU
		{7C5A9D2E-3F8B-4A1C-8D6B-2E7F4C9A5B3D}.Release|Any CPU.Build.0 = Release|Any CPU
		{7C5A9D2E-3F8B-4A1C-8D6B-2E7F4C9A5B3D}.Release|x64.ActiveCfg = Release|Any CPU
		{7C5A9D2E-3F8B-4A1C-8D6B-2E7F4C9A5B3D}.Release|x64.Build.0 = Release|Any CPU
		{7C5A9D2E-3F8B-4A1C-8D6B-2E7F4C9A5B3D}.Release|x86.ActiveCfg = Release|Any CPU
		{7C5A9D2E-3F8B-4A1C-8D6B-2E7F4C9A5B3D}.Release|x86.Build.0 = Release|Any CPU
		{B9CB17C3-18CE-48BF-993A-FF0D10976759}.Debug|Any CPU.ActiveCfg = Debug|Any CPU
		{B9CB17C3-18CE-48BF-993A-FF0D10976759}.Debug|Any CPU.Build.0 = Debug|Any CPU
		{B9CB17C3-18CE-48BF-993A-FF0D10976759}.Debug|x64.ActiveCfg = Debug|Any CPU
		{B9CB17C3-18CE-48BF-993A-FF0D10976759}.Debug|x64.Build.0 = Debug|Any CPU
		{B9CB17C3-18CE-48BF-993A-FF0D10976759}.Debug|x86.ActiveCfg = Debug|Any CPU
		{B9CB17C3-18CE-48BF-993A-FF0D10976759}.Debug|x86.Build.0 = Debug|Any CPU
		{B9CB17C3-18CE-48BF-993A-FF0D10976759}.Release|Any CPU.ActiveCfg = Release|Any CPU
		{B9CB17C3-18CE-48BF-993A-FF0D10976759}.Release|Any CPU.Build.0 = Release|Any CPU
		{B9CB17C3-18CE-48BF-993A-FF0D10976759}.Release|x64.ActiveCfg = Release|Any CPU
		{B9CB17C3-18CE-48BF-993A-FF0D10976759}.Release|x64.Build.0 = Release|Any CPU
		{B9CB17C3-18CE-48BF-993A-FF0D10976759}.Release|x86.ActiveCfg = Release|Any CPU
		{B9CB17C3-18CE-48BF-993A-FF0D10976759}.Release|x86.Build.0 = Release|Any CPU
	EndGlobalSection
	GlobalSection(SolutionProperties) = preSolution
		HideSolutionNode = FALSE
	EndGlobalSection
	GlobalSection(NestedProjects) = preSolution
		{B9CB17C3-18CE-48BF-993A-FF0D10976759} = {5081215B-A8D2-606B-0497-D199D4ED2BF3}
	EndGlobalSection
EndGlobal
